# This file was autogenerated by Stack.
# You should not edit this file by hand.
# For more information, please see the documentation at:
#   https://docs.haskellstack.org/en/stable/lock_files

snapshots:
- original: nightly-2021-01-11
  completed:
    sha256: fbfadbcb74451699985d24e0f5bb56bac60b1fe05db553f09d94c724623fc826
    url: https://raw.githubusercontent.com/commercialhaskell/stackage-snapshots/master/nightly/2021/1/11.yaml
    size: 562265
packages:
- original:
    subdir: computational-algebra
    git: https://github.com/MxmUrw/computational-algebra
    commit: 119d14b41aded829ec9c4894d0eaf2a1abf7ba70
  completed:
    pantry-tree:
      sha256: a88e764f4a455323f16ddd14700dbdf2ad39fd9e0da404db09473826582dc826
      size: 3070
    subdir: computational-algebra
    version: 0.6.0.0
    git: https://github.com/MxmUrw/computational-algebra
    name: computational-algebra
    commit: 119d14b41aded829ec9c4894d0eaf2a1abf7ba70
- original:
    subdir: algebraic-prelude
    git: https://github.com/MxmUrw/computational-algebra
    commit: 119d14b41aded829ec9c4894d0eaf2a1abf7ba70
  completed:
    pantry-tree:
      sha256: b3013c69ef804555d237ad1ddc94c1f7315a8652bb911a9faca700e265c5e4d4
      size: 439
    subdir: algebraic-prelude
    version: 0.1.1.0
    git: https://github.com/MxmUrw/computational-algebra
    name: algebraic-prelude
    commit: 119d14b41aded829ec9c4894d0eaf2a1abf7ba70
- original:
    subdir: halg-algebraic
    git: https://github.com/MxmUrw/computational-algebra
    commit: 119d14b41aded829ec9c4894d0eaf2a1abf7ba70
  completed:
    pantry-tree:
      sha256: 3bb89e3848a3f85de0e34f8df41c0340a5891cb2b03ecd4e04541a473c3c30ba
      size: 535
    subdir: halg-algebraic
    version: 0.6.0.0
    git: https://github.com/MxmUrw/computational-algebra
    name: halg-algebraic
    commit: 119d14b41aded829ec9c4894d0eaf2a1abf7ba70
- original:
    subdir: halg-algorithms
    git: https://github.com/MxmUrw/computational-algebra
    commit: 119d14b41aded829ec9c4894d0eaf2a1abf7ba70
  completed:
    pantry-tree:
      sha256: fbee7537a8bdea02d62b7afc8381518d6459097a240384ae5355419b34de1762
      size: 2701
    subdir: halg-algorithms
    version: 0.6.0.0
    git: https://github.com/MxmUrw/computational-algebra
    name: halg-algorithms
    commit: 119d14b41aded829ec9c4894d0eaf2a1abf7ba70
- original:
    subdir: halg-bridge-singular
    git: https://github.com/MxmUrw/computational-algebra
    commit: 119d14b41aded829ec9c4894d0eaf2a1abf7ba70
  completed:
    pantry-tree:
      sha256: 5730cd61581a9b65a7b98002cde7b0b6e96e26bb13de4f0656dce139bb83f22e
      size: 670
    subdir: halg-bridge-singular
    version: 0.6.0.0
    git: https://github.com/MxmUrw/computational-algebra
    name: halg-bridge-singular
    commit: 119d14b41aded829ec9c4894d0eaf2a1abf7ba70
- original:
    subdir: halg-core
    git: https://github.com/MxmUrw/computational-algebra
    commit: 119d14b41aded829ec9c4894d0eaf2a1abf7ba70
  completed:
    pantry-tree:
      sha256: 09615e3e78e4c66c629d27426082e3ae4d87a83302e3208430f78c580502ccfb
      size: 1341
    subdir: halg-core
    version: 0.6.0.0
    git: https://github.com/MxmUrw/computational-algebra
    name: halg-core
    commit: 119d14b41aded829ec9c4894d0eaf2a1abf7ba70
- original:
    subdir: halg-core-test
    git: https://github.com/MxmUrw/computational-algebra
    commit: 119d14b41aded829ec9c4894d0eaf2a1abf7ba70
  completed:
    pantry-tree:
      sha256: 034a1d063fc9d68c0263b87bdd36762ca16f2d4ef1e4fa6f35a35509c5e3c6a1
      size: 873
    subdir: halg-core-test
    version: 0.1.0.0
    git: https://github.com/MxmUrw/computational-algebra
    name: halg-core-test
    commit: 119d14b41aded829ec9c4894d0eaf2a1abf7ba70
- original:
    subdir: halg-factor
    git: https://github.com/MxmUrw/computational-algebra
    commit: 119d14b41aded829ec9c4894d0eaf2a1abf7ba70
  completed:
    pantry-tree:
      sha256: e79991e25d875bc57fdef2a8a3eb2c1a0615c87153b153def5b3f4998944f81f
      size: 710
    subdir: halg-factor
    version: 0.6.0.0
    git: https://github.com/MxmUrw/computational-algebra
    name: halg-factor
    commit: 119d14b41aded829ec9c4894d0eaf2a1abf7ba70
- original:
    subdir: halg-galois-fields
    git: https://github.com/MxmUrw/computational-algebra
    commit: 119d14b41aded829ec9c4894d0eaf2a1abf7ba70
  completed:
    pantry-tree:
      sha256: c88331ac0cf078786d84d129bbc431173bdf8e3a90d41a79da44923fa908441e
      size: 740
    subdir: halg-galois-fields
    version: 0.6.0.0
    git: https://github.com/MxmUrw/computational-algebra
    name: halg-galois-fields
    commit: 119d14b41aded829ec9c4894d0eaf2a1abf7ba70
- original:
    subdir: halg-heaps
    git: https://github.com/MxmUrw/computational-algebra
    commit: 119d14b41aded829ec9c4894d0eaf2a1abf7ba70
  completed:
    pantry-tree:
      sha256: 7586d97b2ebad349c099a48276b8e33631911375abd9f3b74012ce2755266544
      size: 766
    subdir: halg-heaps
    version: 0.1.0.0
    git: https://github.com/MxmUrw/computational-algebra
    name: halg-heaps
    commit: 119d14b41aded829ec9c4894d0eaf2a1abf7ba70
- original:
    subdir: halg-matrices
    git: https://github.com/MxmUrw/computational-algebra
    commit: 119d14b41aded829ec9c4894d0eaf2a1abf7ba70
  completed:
    pantry-tree:
      sha256: cc7ddf3cc436c146151c61b7de44d899e31d1c8afd5b5d795300501d943aac60
      size: 1190
    subdir: halg-matrices
    version: 0.6.0.0
    git: https://github.com/MxmUrw/computational-algebra
    name: halg-matrices
    commit: 119d14b41aded829ec9c4894d0eaf2a1abf7ba70
- original:
    subdir: halg-polyn-parser
    git: https://github.com/MxmUrw/computational-algebra
    commit: 119d14b41aded829ec9c4894d0eaf2a1abf7ba70
  completed:
    pantry-tree:
      sha256: 469d6fde6e321a9ead8971c86de6c3251dcec9b777950c42d2ff4bcdc7f9d0df
      size: 594
    subdir: halg-polyn-parser
    version: 0.6.0.0
    git: https://github.com/MxmUrw/computational-algebra
    name: halg-polyn-parser
    commit: 119d14b41aded829ec9c4894d0eaf2a1abf7ba70
- original:
    subdir: halg-polynomials
    git: https://github.com/MxmUrw/computational-algebra
    commit: 119d14b41aded829ec9c4894d0eaf2a1abf7ba70
  completed:
    pantry-tree:
      sha256: 519c562e1404f4efaf0bea8ec0bbdcde8852cf4f8258b7cf7b1f55f9db0b22bb
      size: 1397
    subdir: halg-polynomials
    version: 0.6.0.0
    git: https://github.com/MxmUrw/computational-algebra
    name: halg-polynomials
    commit: 119d14b41aded829ec9c4894d0eaf2a1abf7ba70
- original:
    hackage: algebra-4.3.1@rev:2
  completed:
    pantry-tree:
      sha256: 2dea7d23304c09c902fb1f90f45b1b22df6ded47fb717742cca119f9f3667b21
      size: 5556
    hackage: algebra-4.3.1@sha256:323cf20c508e0b71422b767ff3a89e4188f68aa59b2df9d0fe6e9f9bae7938fb,4129
- original:
    hackage: control-monad-loop-0.1
  completed:
    pantry-tree:
      sha256: e0bb7221ac929e5fe3722f4838551e962589a8fed18199d9791385864855f466
      size: 466
    hackage: control-monad-loop-0.1@sha256:2b8d9fbc6e53f2c8f679188952b90f2c69507d1c1efd8867beb64591a22b341c,1106
- original:
    hackage: repa-3.4.1.4
  completed:
    pantry-tree:
      sha256: 3c79828091edd25dce51538e04c7b75241fcd8a91dc2d7a155590a7bbe4e937f
      size: 2965
    hackage: repa-3.4.1.4@sha256:50a1755bfbbf7110296dc1f8d6ec08b03bd94148a97218e0403af2ddcdc51648,3323
- original:
    hackage: unamb-0.2.7
  completed:
    pantry-tree:
      sha256: c3c4ac7408c2999b6779714459d2433ff2495f90161d7c3ca349ca3aa6386be8
      size: 217
    hackage: unamb-0.2.7@sha256:ce5db0575bca8ca04c9e9dce3ba75b6f9e5ceea834c6ba4fae45aca6fa963334,2385
- original:
    hackage: ListLike-4.7.4
  completed:
    pantry-tree:
      sha256: 50e22178b0713d0c8367ee6bc9f3b5026422b4b285837bdf9f4173a14db1e8bf
      size: 1854
    hackage: ListLike-4.7.4@sha256:613b2967df738010e8f6f6b7c47d615f6fe42081f68eba7f946d5de7552aa8a4,3778
- original:
    hackage: process-extras-0.7.4
  completed:
    pantry-tree:
      sha256: ee89d385c9e822144698633b39f378904e42667aaca0d6ab577d7dea2b452c92
      size: 1092
    hackage: process-extras-0.7.4@sha256:4e79289131415796c181889c4a226ebab7fc3b0d27b164f65e1aad123ae9b9e3,1759
- original:
    hackage: sized-0.6.0.0
  completed:
    pantry-tree:
      sha256: 9e2e443ea6bc675038af5f8267ed1ac59262c10dd9efb79d80fb23487cf4f0d0
      size: 452
    hackage: sized-0.6.0.0@sha256:e6926e2f3094af7de4d297488c6b36d9411824c7e4f5a61706c9b754ebe8b81b,1875
